
Microsoft Visual Studio Solution File, Format Version 12.00
# Visual Studio Version 16
VisualStudioVersion = 16.0.29911.84
MinimumVisualStudioVersion = 10.0.40219.1
Project("{FAE04EC0-301F-11D3-BF4B-00C04F79EFBC}") = "AutoBackupFile", "AutoBackupFile.csproj", "{05229C0A-EBFD-4BDF-9C3A-661B19FF4D30}"
EndProject
Global
	GlobalSection(SolutionConfigurationPlatforms) = preSolution
		Debug|Any CPU = Debug|Any CPU
		Release|Any CPU = Release|Any CPU
	EndGlobalSection
	GlobalSection(ProjectConfigurationPlatforms) = postSolution
		{05229C0A-EBFD-4BDF-9C3A-661B19FF4D30}.Debug|Any CPU.ActiveCfg = Debug|Any CPU
		{05229C0A-EBFD-4BDF-9C3A-661B19FF4D30}.Debug|Any CPU.Build.0 = Debug|Any CPU
		{05229C0A-EBFD-4BDF-9C3A-661B19FF4D30}.Release|Any CPU.ActiveCfg = Release|Any CPU
		{05229C0A-EBFD-4BDF-9C3A-661B19FF4D30}.Release|Any CPU.Build.0 = Release|Any CPU
	EndGlobalSection
	GlobalSection(SolutionProperties) = preSolution
		HideSolutionNode = FALSE
	EndGlobalSection
	GlobalSection(ExtensibilityGlobals) = postSolution
		SolutionGuid = {F1C7FD15-8894-476E-B3E1-FEAA31FF60E7}
	EndGlobalSection
EndGlobal
